
Microsoft Visual Studio Solution File, Format Version 12.00
# Visual Studio Version 17
VisualStudioVersion = 17.5.002.0
MinimumVisualStudioVersion = 10.0.40219.1
Project("{9A19103F-16F7-4668-BE54-9A1E7A4F7556}") = "presentar", "presentar\presentar.csproj", "{3A4241FA-35DE-418C-8DFA-CF7189CED1A2}"
EndProject
Project("{9A19103F-16F7-4668-BE54-9A1E7A4F7556}") = "problema_en_vivo", "problema_en_vivo\problema_en_vivo.csproj", "{15831089-989C-402F-9A88-66DC5CBFFAD6}"
EndProject
Global
	GlobalSection(SolutionConfigurationPlatforms) = preSolution
		Debug|Any CPU = Debug|Any CPU
		Release|Any CPU = Release|Any CPU
	EndGlobalSection
	GlobalSection(ProjectConfigurationPlatforms) = postSolution
		{3A4241FA-35DE-418C-8DFA-CF7189CED1A2}.Debug|Any CPU.ActiveCfg = Debug|Any CPU
		{3A4241FA-35DE-418C-8DFA-CF7189CED1A2}.Debug|Any CPU.Build.0 = Debug|Any CPU
		{3A4241FA-35DE-418C-8DFA-CF7189CED1A2}.Release|Any CPU.ActiveCfg = Release|Any CPU
		{3A4241FA-35DE-418C-8DFA-CF7189CED1A2}.Release|Any CPU.Build.0 = Release|Any CPU
		{15831089-989C-402F-9A88-66DC5CBFFAD6}.Debug|Any CPU.ActiveCfg = Debug|Any CPU
		{15831089-989C-402F-9A88-66DC5CBFFAD6}.Debug|Any CPU.Build.0 = Debug|Any CPU
		{15831089-989C-402F-9A88-66DC5CBFFAD6}.Release|Any CPU.ActiveCfg = Release|Any CPU
		{15831089-989C-402F-9A88-66DC5CBFFAD6}.Release|Any CPU.Build.0 = Release|Any CPU
	EndGlobalSection
	GlobalSection(SolutionProperties) = preSolution
		HideSolutionNode = FALSE
	EndGlobalSection
	GlobalSection(ExtensibilityGlobals) = postSolution
		SolutionGuid = {A3FF9BFD-A8DD-455D-9A47-1E1256CBC61C}
	EndGlobalSection
EndGlobal
